{
	"requires": true,
	"lockfileVersion": 1,
	"dependencies": {
		"@reach/observe-rect": {
			"version": "1.0.2",
			"resolved": "https://registry.npmjs.org/@reach/observe-rect/-/observe-rect-1.0.2.tgz",
			"integrity": "sha512-uPxbMbE6oOwBO7ecqilqu3mi7rel388/SpY/aASq3UF/icN6arH7NOiTqNyQxmU4SV5lUPS2zwhvN+baFeQnlg=="
		}
	}
}
