# THIS IS AN AUTOGENERATED FILE. DO NOT EDIT THIS FILE DIRECTLY.
# yarn lockfile v1


"@reach/component-component@^0.1.1":
  version "0.1.1"
  resolved "https://registry.npmjs.intuit.com:443/artifactory/api/npm/npm-intuit/@reach/component-component/-/component-component-0.1.1.tgz#62ea2ec290da32f5e3a9872fb51f9a3ae4370cc4"

"@reach/observe-rect@^1.0.3":
  version "1.0.3"
  resolved "https://registry.npmjs.intuit.com:443/artifactory/api/npm/npm-intuit/@reach/observe-rect/-/observe-rect-1.0.3.tgz#2ea3dcc369ab22bd9f050a92ea319321356a61e8"

"js-tokens@^3.0.0 || ^4.0.0":
  version "4.0.0"
  resolved "https://registry.npmjs.intuit.com:443/artifactory/api/npm/npm-intuit/js-tokens/-/js-tokens-4.0.0.tgz#19203fb59991df98e3a287050d4647cdeaf32499"

loose-envify@^1.3.1:
  version "1.4.0"
  resolved "https://registry.npmjs.intuit.com:443/artifactory/api/npm/npm-intuit/loose-envify/-/loose-envify-1.4.0.tgz#71ee51fa7be4caec1a63839f7e682d8132d30caf"
  dependencies:
    js-tokens "^3.0.0 || ^4.0.0"

object-assign@^4.1.1:
  version "4.1.1"
  resolved "https://registry.npmjs.intuit.com:443/artifactory/api/npm/npm-intuit/object-assign/-/object-assign-4.1.1.tgz#2109adc7965887cfc05cbbd442cac8bfbb360863"

prop-types@^15.6.2:
  version "15.6.2"
  resolved "https://registry.npmjs.intuit.com:443/artifactory/api/npm/npm-intuit/prop-types/-/prop-types-15.6.2.tgz#05d5ca77b4453e985d60fc7ff8c859094a497102"
  dependencies:
    loose-envify "^1.3.1"
    object-assign "^4.1.1"
