{
  "name": "@reach/slider",
  "version": "0.1.0",
  "lockfileVersion": 1,
  "requires": true,
  "dependencies": {
    "@reach/auto-id": {
      "version": "0.2.0",
      "resolved": "https://registry.npmjs.org/@reach/auto-id/-/auto-id-0.2.0.tgz",
      "integrity": "sha512-lVK/svL2HuQdp7jgvlrLkFsUx50Az9chAhxpiPwBqcS83I2pVWvXp98FOcSCCJCV++l115QmzHhFd+ycw1zLBg=="
    },
    "@reach/utils": {
      "version": "0.2.3",
      "resolved": "https://registry.npmjs.org/@reach/utils/-/utils-0.2.3.tgz",
      "integrity": "sha512-zM9rA8jDchr05giMhL95dPeYkK67cBQnIhCVrOKKqgWGsv+2GE/HZqeptvU4zqs0BvIqsThwov+YxVNVh5csTQ=="
    },
    "warning": {
      "version": "4.0.3",
      "resolved": "https://registry.npmjs.org/warning/-/warning-4.0.3.tgz",
      "integrity": "sha512-rpJyN222KWIvHJ/F53XSZv0Zl/accqHR8et1kpaMTD/fLCRxtV8iX8czMzY7sVZupTI3zcUTg8eycS2kNF9l6w==",
      "requires": {
        "loose-envify": "^1.0.0"
      },
      "dependencies": {
        "js-tokens": {
          "version": "4.0.0",
          "resolved": "https://registry.npmjs.org/js-tokens/-/js-tokens-4.0.0.tgz",
          "integrity": "sha512-RdJUflcE3cUzKiMqQgsCu06FPu9UdIJO0beYbPhHN4k6apgJtifcoCtT9bcxOpYBtpD2kCM6Sbzg4CausW/PKQ=="
        },
        "loose-envify": {
          "version": "1.4.0",
          "resolved": "https://registry.npmjs.org/loose-envify/-/loose-envify-1.4.0.tgz",
          "integrity": "sha512-lyuxPGr/Wfhrlem2CL/UcnUc1zcqKAImBDzukY7Y5F/yQiNdko6+fRLevlw1HgMySw7f611UIY408EtxRSoK3Q==",
          "requires": {
            "js-tokens": "^3.0.0 || ^4.0.0"
          }
        }
      }
    }
  }
}
